
Microsoft Visual Studio Solution File, Format Version 12.00
# Visual Studio 15
VisualStudioVersion = 15.0.27428.2015
MinimumVisualStudioVersion = 10.0.40219.1
Project("{FAE04EC0-301F-11D3-BF4B-00C04F79EFBC}") = "GoogleMapsServicesTestApp.Android", "GoogleMapsServicesTestApp\GoogleMapsServicesTestApp.Android\GoogleMapsServicesTestApp.Android.csproj", "{DD120218-05C4-4EAB-919C-06C2EEF4AD11}"
EndProject
Project("{FAE04EC0-301F-11D3-BF4B-00C04F79EFBC}") = "GoogleMapsServicesTestApp.iOS", "GoogleMapsServicesTestApp\GoogleMapsServicesTestApp.iOS\GoogleMapsServicesTestApp.iOS.csproj", "{20A270CC-4EE5-4D38-97DB-9AF6C13D9783}"
EndProject
Project("{FAE04EC0-301F-11D3-BF4B-00C04F79EFBC}") = "GoogleMapsServicesTestApp.UWP", "GoogleMapsServicesTestApp\GoogleMapsServicesTestApp.UWP\GoogleMapsServicesTestApp.UWP.csproj", "{64CE3CBE-A655-471D-8154-4E2160BAAA35}"
EndProject
Project("{FAE04EC0-301F-11D3-BF4B-00C04F79EFBC}") = "GoogleMapsServicesTestApp", "GoogleMapsServicesTestApp\GoogleMapsServicesTestApp\GoogleMapsServicesTestApp.csproj", "{CC76A1BB-9958-4950-935C-73D303C5A429}"
EndProject
Global
	GlobalSection(SolutionConfigurationPlatforms) = preSolution
		Ad-Hoc|Any CPU = Ad-Hoc|Any CPU
		Ad-Hoc|ARM = Ad-Hoc|ARM
		Ad-Hoc|iPhone = Ad-Hoc|iPhone
		Ad-Hoc|iPhoneSimulator = Ad-Hoc|iPhoneSimulator
		Ad-Hoc|x64 = Ad-Hoc|x64
		Ad-Hoc|x86 = Ad-Hoc|x86
		AppStore|Any CPU = AppStore|Any CPU
		AppStore|ARM = AppStore|ARM
		AppStore|iPhone = AppStore|iPhone
		AppStore|iPhoneSimulator = AppStore|iPhoneSimulator
		AppStore|x64 = AppStore|x64
		AppStore|x86 = AppStore|x86
		Debug|Any CPU = Debug|Any CPU
		Debug|ARM = Debug|ARM
		Debug|iPhone = Debug|iPhone
		Debug|iPhoneSimulator = Debug|iPhoneSimulator
		Debug|x64 = Debug|x64
		Debug|x86 = Debug|x86
		Release|Any CPU = Release|Any CPU
		Release|ARM = Release|ARM
		Release|iPhone = Release|iPhone
		Release|iPhoneSimulator = Release|iPhoneSimulator
		Release|x64 = Release|x64
		Release|x86 = Release|x86
	EndGlobalSection
	GlobalSection(ProjectConfigurationPlatforms) = postSolution
		{DD120218-05C4-4EAB-919C-06C2EEF4AD11}.Ad-Hoc|Any CPU.ActiveCfg = Release|Any CPU
		{DD120218-05C4-4EAB-919C-06C2EEF4AD11}.Ad-Hoc|Any CPU.Build.0 = Release|Any CPU
		{DD120218-05C4-4EAB-919C-06C2EEF4AD11}.Ad-Hoc|Any CPU.Deploy.0 = Release|Any CPU
		{DD120218-05C4-4EAB-919C-06C2EEF4AD11}.Ad-Hoc|ARM.ActiveCfg = Release|Any CPU
		{DD120218-05C4-4EAB-919C-06C2EEF4AD11}.Ad-Hoc|ARM.Build.0 = Release|Any CPU
		{DD120218-05C4-4EAB-919C-06C2EEF4AD11}.Ad-Hoc|ARM.Deploy.0 = Release|Any CPU
		{DD120218-05C4-4EAB-919C-06C2EEF4AD11}.Ad-Hoc|iPhone.ActiveCfg = Release|Any CPU
		{DD120218-05C4-4EAB-919C-06C2EEF4AD11}.Ad-Hoc|iPhone.Build.0 = Release|Any CPU
		{DD120218-05C4-4EAB-919C-06C2EEF4AD11}.Ad-Hoc|iPhone.Deploy.0 = Release|Any CPU
		{DD120218-05C4-4EAB-919C-06C2EEF4AD11}.Ad-Hoc|iPhoneSimulator.ActiveCfg = Release|Any CPU
		{DD120218-05C4-4EAB-919C-06C2EEF4AD11}.Ad-Hoc|iPhoneSimulator.Build.0 = Release|Any CPU
		{DD120218-05C4-4EAB-919C-06C2EEF4AD11}.Ad-Hoc|iPhoneSimulator.Deploy.0 = Release|Any CPU
		{DD120218-05C4-4EAB-919C-06C2EEF4AD11}.Ad-Hoc|x64.ActiveCfg = Release|Any CPU
		{DD120218-05C4-4EAB-919C-06C2EEF4AD11}.Ad-Hoc|x64.Build.0 = Release|Any CPU
		{DD120218-05C4-4EAB-919C-06C2EEF4AD11}.Ad-Hoc|x64.Deploy.0 = Release|Any CPU
		{DD120218-05C4-4EAB-919C-06C2EEF4AD11}.Ad-Hoc|x86.ActiveCfg = Release|Any CPU
		{DD120218-05C4-4EAB-919C-06C2EEF4AD11}.Ad-Hoc|x86.Build.0 = Release|Any CPU
		{DD120218-05C4-4EAB-919C-06C2EEF4AD11}.Ad-Hoc|x86.Deploy.0 = Release|Any CPU
		{DD120218-05C4-4EAB-919C-06C2EEF4AD11}.AppStore|Any CPU.ActiveCfg = Release|Any CPU
		{DD120218-05C4-4EAB-919C-06C2EEF4AD11}.AppStore|Any CPU.Build.0 = Release|Any CPU
		{DD120218-05C4-4EAB-919C-06C2EEF4AD11}.AppStore|Any CPU.Deploy.0 = Release|Any CPU
		{DD120218-05C4-4EAB-919C-06C2EEF4AD11}.AppStore|ARM.ActiveCfg = Release|Any CPU
		{DD120218-05C4-4EAB-919C-06C2EEF4AD11}.AppStore|ARM.Build.0 = Release|Any CPU
		{DD120218-05C4-4EAB-919C-06C2EEF4AD11}.AppStore|ARM.Deploy.0 = Release|Any CPU
		{DD120218-05C4-4EAB-919C-06C2EEF4AD11}.AppStore|iPhone.ActiveCfg = Release|Any CPU
		{DD120218-05C4-4EAB-919C-06C2EEF4AD11}.AppStore|iPhone.Build.0 = Release|Any CPU
		{DD120218-05C4-4EAB-919C-06C2EEF4AD11}.AppStore|iPhone.Deploy.0 = Release|Any CPU
		{DD120218-05C4-4EAB-919C-06C2EEF4AD11}.AppStore|iPhoneSimulator.ActiveCfg = Release|Any CPU
		{DD120218-05C4-4EAB-919C-06C2EEF4AD11}.AppStore|iPhoneSimulator.Build.0 = Release|Any CPU
		{DD120218-05C4-4EAB-919C-06C2EEF4AD11}.AppStore|iPhoneSimulator.Deploy.0 = Release|Any CPU
		{DD120218-05C4-4EAB-919C-06C2EEF4AD11}.AppStore|x64.ActiveCfg = Release|Any CPU
		{DD120218-05C4-4EAB-919C-06C2EEF4AD11}.AppStore|x64.Build.0 = Release|Any CPU
		{DD120218-05C4-4EAB-919C-06C2EEF4AD11}.AppStore|x64.Deploy.0 = Release|Any CPU
		{DD120218-05C4-4EAB-919C-06C2EEF4AD11}.AppStore|x86.ActiveCfg = Release|Any CPU
		{DD120218-05C4-4EAB-919C-06C2EEF4AD11}.AppStore|x86.Build.0 = Release|Any CPU
		{DD120218-05C4-4EAB-919C-06C2EEF4AD11}.AppStore|x86.Deploy.0 = Release|Any CPU
		{DD120218-05C4-4EAB-919C-06C2EEF4AD11}.Debug|Any CPU.ActiveCfg = Debug|Any CPU
		{DD120218-05C4-4EAB-919C-06C2EEF4AD11}.Debug|Any CPU.Build.0 = Debug|Any CPU
		{DD120218-05C4-4EAB-919C-06C2EEF4AD11}.Debug|Any CPU.Deploy.0 = Debug|Any CPU
		{DD120218-05C4-4EAB-919C-06C2EEF4AD11}.Debug|ARM.ActiveCfg = Debug|Any CPU
		{DD120218-05C4-4EAB-919C-06C2EEF4AD11}.Debug|ARM.Build.0 = Debug|Any CPU
		{DD120218-05C4-4EAB-919C-06C2EEF4AD11}.Debug|ARM.Deploy.0 = Debug|Any CPU
		{DD120218-05C4-4EAB-919C-06C2EEF4AD11}.Debug|iPhone.ActiveCfg = Debug|Any CPU
		{DD120218-05C4-4EAB-919C-06C2EEF4AD11}.Debug|iPhone.Build.0 = Debug|Any CPU
		{DD120218-05C4-4EAB-919C-06C2EEF4AD11}.Debug|iPhone.Deploy.0 = Debug|Any CPU
		{DD120218-05C4-4EAB-919C-06C2EEF4AD11}.Debug|iPhoneSimulator.ActiveCfg = Debug|Any CPU
		{DD120218-05C4-4EAB-919C-06C2EEF4AD11}.Debug|iPhoneSimulator.Build.0 = Debug|Any CPU
		{DD120218-05C4-4EAB-919C-06C2EEF4AD11}.Debug|iPhoneSimulator.Deploy.0 = Debug|Any CPU
		{DD120218-05C4-4EAB-919C-06C2EEF4AD11}.Debug|x64.ActiveCfg = Debug|Any CPU
		{DD120218-05C4-4EAB-919C-06C2EEF4AD11}.Debug|x64.Build.0 = Debug|Any CPU
		{DD120218-05C4-4EAB-919C-06C2EEF4AD11}.Debug|x64.Deploy.0 = Debug|Any CPU
		{DD120218-05C4-4EAB-919C-06C2EEF4AD11}.Debug|x86.ActiveCfg = Debug|Any CPU
		{DD120218-05C4-4EAB-919C-06C2EEF4AD11}.Debug|x86.Build.0 = Debug|Any CPU
		{DD120218-05C4-4EAB-919C-06C2EEF4AD11}.Debug|x86.Deploy.0 = Debug|Any CPU
		{DD120218-05C4-4EAB-919C-06C2EEF4AD11}.Release|Any CPU.ActiveCfg = Release|Any CPU
		{DD120218-05C4-4EAB-919C-06C2EEF4AD11}.Release|Any CPU.Build.0 = Release|Any CPU
		{DD120218-05C4-4EAB-919C-06C2EEF4AD11}.Release|Any CPU.Deploy.0 = Release|Any CPU
		{DD120218-05C4-4EAB-919C-06C2EEF4AD11}.Release|ARM.ActiveCfg = Release|Any CPU
		{DD120218-05C4-4EAB-919C-06C2EEF4AD11}.Release|ARM.Build.0 = Release|Any CPU
		{DD120218-05C4-4EAB-919C-06C2EEF4AD11}.Release|ARM.Deploy.0 = Release|Any CPU
		{DD120218-05C4-4EAB-919C-06C2EEF4AD11}.Release|iPhone.ActiveCfg = Release|Any CPU
		{DD120218-05C4-4EAB-919C-06C2EEF4AD11}.Release|iPhone.Build.0 = Release|Any CPU
		{DD120218-05C4-4EAB-919C-06C2EEF4AD11}.Release|iPhone.Deploy.0 = Release|Any CPU
		{DD120218-05C4-4EAB-919C-06C2EEF4AD11}.Release|iPhoneSimulator.ActiveCfg = Release|Any CPU
		{DD120218-05C4-4EAB-919C-06C2EEF4AD11}.Release|iPhoneSimulator.Build.0 = Release|Any CPU
		{DD120218-05C4-4EAB-919C-06C2EEF4AD11}.Release|iPhoneSimulator.Deploy.0 = Release|Any CPU
		{DD120218-05C4-4EAB-919C-06C2EEF4AD11}.Release|x64.ActiveCfg = Release|Any CPU
		{DD120218-05C4-4EAB-919C-06C2EEF4AD11}.Release|x64.Build.0 = Release|Any CPU
		{DD120218-05C4-4EAB-919C-06C2EEF4AD11}.Release|x64.Deploy.0 = Release|Any CPU
		{DD120218-05C4-4EAB-919C-06C2EEF4AD11}.Release|x86.ActiveCfg = Release|Any CPU
		{DD120218-05C4-4EAB-919C-06C2EEF4AD11}.Release|x86.Build.0 = Release|Any CPU
		{DD120218-05C4-4EAB-919C-06C2EEF4AD11}.Release|x86.Deploy.0 = Release|Any CPU
		{20A270CC-4EE5-4D38-97DB-9AF6C13D9783}.Ad-Hoc|Any CPU.ActiveCfg = Ad-Hoc|iPhone
		{20A270CC-4EE5-4D38-97DB-9AF6C13D9783}.Ad-Hoc|ARM.ActiveCfg = Ad-Hoc|iPhone
		{20A270CC-4EE5-4D38-97DB-9AF6C13D9783}.Ad-Hoc|iPhone.ActiveCfg = Ad-Hoc|iPhone
		{20A270CC-4EE5-4D38-97DB-9AF6C13D9783}.Ad-Hoc|iPhone.Build.0 = Ad-Hoc|iPhone
		{20A270CC-4EE5-4D38-97DB-9AF6C13D9783}.Ad-Hoc|iPhoneSimulator.ActiveCfg = Ad-Hoc|iPhoneSimulator
		{20A270CC-4EE5-4D38-97DB-9AF6C13D9783}.Ad-Hoc|iPhoneSimulator.Build.0 = Ad-Hoc|iPhoneSimulator
		{20A270CC-4EE5-4D38-97DB-9AF6C13D9783}.Ad-Hoc|x64.ActiveCfg = Ad-Hoc|iPhone
		{20A270CC-4EE5-4D38-97DB-9AF6C13D9783}.Ad-Hoc|x86.ActiveCfg = Ad-Hoc|iPhone
		{20A270CC-4EE5-4D38-97DB-9AF6C13D9783}.AppStore|Any CPU.ActiveCfg = AppStore|iPhone
		{20A270CC-4EE5-4D38-97DB-9AF6C13D9783}.AppStore|ARM.ActiveCfg = AppStore|iPhone
		{20A270CC-4EE5-4D38-97DB-9AF6C13D9783}.AppStore|iPhone.ActiveCfg = AppStore|iPhone
		{20A270CC-4EE5-4D38-97DB-9AF6C13D9783}.AppStore|iPhone.Build.0 = AppStore|iPhone
		{20A270CC-4EE5-4D38-97DB-9AF6C13D9783}.AppStore|iPhoneSimulator.ActiveCfg = AppStore|iPhoneSimulator
		{20A270CC-4EE5-4D38-97DB-9AF6C13D9783}.AppStore|iPhoneSimulator.Build.0 = AppStore|iPhoneSimulator
		{20A270CC-4EE5-4D38-97DB-9AF6C13D9783}.AppStore|x64.ActiveCfg = AppStore|iPhone
		{20A270CC-4EE5-4D38-97DB-9AF6C13D9783}.AppStore|x86.ActiveCfg = AppStore|iPhone
		{20A270CC-4EE5-4D38-97DB-9AF6C13D9783}.Debug|Any CPU.ActiveCfg = Debug|iPhone
		{20A270CC-4EE5-4D38-97DB-9AF6C13D9783}.Debug|ARM.ActiveCfg = Debug|iPhone
		{20A270CC-4EE5-4D38-97DB-9AF6C13D9783}.Debug|iPhone.ActiveCfg = Debug|iPhone
		{20A270CC-4EE5-4D38-97DB-9AF6C13D9783}.Debug|iPhone.Build.0 = Debug|iPhone
		{20A270CC-4EE5-4D38-97DB-9AF6C13D9783}.Debug|iPhoneSimulator.ActiveCfg = Debug|iPhoneSimulator
		{20A270CC-4EE5-4D38-97DB-9AF6C13D9783}.Debug|iPhoneSimulator.Build.0 = Debug|iPhoneSimulator
		{20A270CC-4EE5-4D38-97DB-9AF6C13D9783}.Debug|x64.ActiveCfg = Debug|iPhone
		{20A270CC-4EE5-4D38-97DB-9AF6C13D9783}.Debug|x86.ActiveCfg = Debug|iPhone
		{20A270CC-4EE5-4D38-97DB-9AF6C13D9783}.Release|Any CPU.ActiveCfg = Release|iPhone
		{20A270CC-4EE5-4D38-97DB-9AF6C13D9783}.Release|ARM.ActiveCfg = Release|iPhone
		{20A270CC-4EE5-4D38-97DB-9AF6C13D9783}.Release|iPhone.ActiveCfg = Release|iPhone
		{20A270CC-4EE5-4D38-97DB-9AF6C13D9783}.Release|iPhone.Build.0 = Release|iPhone
		{20A270CC-4EE5-4D38-97DB-9AF6C13D9783}.Release|iPhoneSimulator.ActiveCfg = Release|iPhoneSimulator
		{20A270CC-4EE5-4D38-97DB-9AF6C13D9783}.Release|iPhoneSimulator.Build.0 = Release|iPhoneSimulator
		{20A270CC-4EE5-4D38-97DB-9AF6C13D9783}.Release|x64.ActiveCfg = Release|iPhone
		{20A270CC-4EE5-4D38-97DB-9AF6C13D9783}.Release|x86.ActiveCfg = Release|iPhone
		{64CE3CBE-A655-471D-8154-4E2160BAAA35}.Ad-Hoc|Any CPU.ActiveCfg = Release|x86
		{64CE3CBE-A655-471D-8154-4E2160BAAA35}.Ad-Hoc|Any CPU.Build.0 = Release|x86
		{64CE3CBE-A655-471D-8154-4E2160BAAA35}.Ad-Hoc|Any CPU.Deploy.0 = Release|x86
		{64CE3CBE-A655-471D-8154-4E2160BAAA35}.Ad-Hoc|ARM.ActiveCfg = Release|ARM
		{64CE3CBE-A655-471D-8154-4E2160BAAA35}.Ad-Hoc|ARM.Build.0 = Release|ARM
		{64CE3CBE-A655-471D-8154-4E2160BAAA35}.Ad-Hoc|ARM.Deploy.0 = Release|ARM
		{64CE3CBE-A655-471D-8154-4E2160BAAA35}.Ad-Hoc|iPhone.ActiveCfg = Release|x86
		{64CE3CBE-A655-471D-8154-4E2160BAAA35}.Ad-Hoc|iPhone.Build.0 = Release|x86
		{64CE3CBE-A655-471D-8154-4E2160BAAA35}.Ad-Hoc|iPhone.Deploy.0 = Release|x86
		{64CE3CBE-A655-471D-8154-4E2160BAAA35}.Ad-Hoc|iPhoneSimulator.ActiveCfg = Release|x86
		{64CE3CBE-A655-471D-8154-4E2160BAAA35}.Ad-Hoc|iPhoneSimulator.Build.0 = Release|x86
		{64CE3CBE-A655-471D-8154-4E2160BAAA35}.Ad-Hoc|iPhoneSimulator.Deploy.0 = Release|x86
		{64CE3CBE-A655-471D-8154-4E2160BAAA35}.Ad-Hoc|x64.ActiveCfg = Release|x64
		{64CE3CBE-A655-471D-8154-4E2160BAAA35}.Ad-Hoc|x64.Build.0 = Release|x64
		{64CE3CBE-A655-471D-8154-4E2160BAAA35}.Ad-Hoc|x64.Deploy.0 = Release|x64
		{64CE3CBE-A655-471D-8154-4E2160BAAA35}.Ad-Hoc|x86.ActiveCfg = Release|x86
		{64CE3CBE-A655-471D-8154-4E2160BAAA35}.Ad-Hoc|x86.Build.0 = Release|x86
		{64CE3CBE-A655-471D-8154-4E2160BAAA35}.Ad-Hoc|x86.Deploy.0 = Release|x86
		{64CE3CBE-A655-471D-8154-4E2160BAAA35}.AppStore|Any CPU.ActiveCfg = Release|x86
		{64CE3CBE-A655-471D-8154-4E2160BAAA35}.AppStore|Any CPU.Build.0 = Release|x86
		{64CE3CBE-A655-471D-8154-4E2160BAAA35}.AppStore|Any CPU.Deploy.0 = Release|x86
		{64CE3CBE-A655-471D-8154-4E2160BAAA35}.AppStore|ARM.ActiveCfg = Release|ARM
		{64CE3CBE-A655-471D-8154-4E2160BAAA35}.AppStore|ARM.Build.0 = Release|ARM
		{64CE3CBE-A655-471D-8154-4E2160BAAA35}.AppStore|ARM.Deploy.0 = Release|ARM
		{64CE3CBE-A655-471D-8154-4E2160BAAA35}.AppStore|iPhone.ActiveCfg = Release|x86
		{64CE3CBE-A655-471D-8154-4E2160BAAA35}.AppStore|iPhone.Build.0 = Release|x86
		{64CE3CBE-A655-471D-8154-4E2160BAAA35}.AppStore|iPhone.Deploy.0 = Release|x86
		{64CE3CBE-A655-471D-8154-4E2160BAAA35}.AppStore|iPhoneSimulator.ActiveCfg = Release|x86
		{64CE3CBE-A655-471D-8154-4E2160BAAA35}.AppStore|iPhoneSimulator.Build.0 = Release|x86
		{64CE3CBE-A655-471D-8154-4E2160BAAA35}.AppStore|iPhoneSimulator.Deploy.0 = Release|x86
		{64CE3CBE-A655-471D-8154-4E2160BAAA35}.AppStore|x64.ActiveCfg = Release|x64
		{64CE3CBE-A655-471D-8154-4E2160BAAA35}.AppStore|x64.Build.0 = Release|x64
		{64CE3CBE-A655-471D-8154-4E2160BAAA35}.AppStore|x64.Deploy.0 = Release|x64
		{64CE3CBE-A655-471D-8154-4E2160BAAA35}.AppStore|x86.ActiveCfg = Release|x86
		{64CE3CBE-A655-471D-8154-4E2160BAAA35}.AppStore|x86.Build.0 = Release|x86
		{64CE3CBE-A655-471D-8154-4E2160BAAA35}.AppStore|x86.Deploy.0 = Release|x86
		{64CE3CBE-A655-471D-8154-4E2160BAAA35}.Debug|Any CPU.ActiveCfg = Debug|x86
		{64CE3CBE-A655-471D-8154-4E2160BAAA35}.Debug|ARM.ActiveCfg = Debug|ARM
		{64CE3CBE-A655-471D-8154-4E2160BAAA35}.Debug|ARM.Build.0 = Debug|ARM
		{64CE3CBE-A655-471D-8154-4E2160BAAA35}.Debug|ARM.Deploy.0 = Debug|ARM
		{64CE3CBE-A655-471D-8154-4E2160BAAA35}.Debug|iPhone.ActiveCfg = Debug|x86
		{64CE3CBE-A655-471D-8154-4E2160BAAA35}.Debug|iPhoneSimulator.ActiveCfg = Debug|x86
		{64CE3CBE-A655-471D-8154-4E2160BAAA35}.Debug|x64.ActiveCfg = Debug|x64
		{64CE3CBE-A655-471D-8154-4E2160BAAA35}.Debug|x64.Build.0 = Debug|x64
		{64CE3CBE-A655-471D-8154-4E2160BAAA35}.Debug|x64.Deploy.0 = Debug|x64
		{64CE3CBE-A655-471D-8154-4E2160BAAA35}.Debug|x86.ActiveCfg = Debug|x86
		{64CE3CBE-A655-471D-8154-4E2160BAAA35}.Debug|x86.Build.0 = Debug|x86
		{64CE3CBE-A655-471D-8154-4E2160BAAA35}.Debug|x86.Deploy.0 = Debug|x86
		{64CE3CBE-A655-471D-8154-4E2160BAAA35}.Release|Any CPU.ActiveCfg = Release|x86
		{64CE3CBE-A655-471D-8154-4E2160BAAA35}.Release|ARM.ActiveCfg = Release|ARM
		{64CE3CBE-A655-471D-8154-4E2160BAAA35}.Release|ARM.Build.0 = Release|ARM
		{64CE3CBE-A655-471D-8154-4E2160BAAA35}.Release|ARM.Deploy.0 = Release|ARM
		{64CE3CBE-A655-471D-8154-4E2160BAAA35}.Release|iPhone.ActiveCfg = Release|x86
		{64CE3CBE-A655-471D-8154-4E2160BAAA35}.Release|iPhoneSimulator.ActiveCfg = Release|x86
		{64CE3CBE-A655-471D-8154-4E2160BAAA35}.Release|x64.ActiveCfg = Release|x64
		{64CE3CBE-A655-471D-8154-4E2160BAAA35}.Release|x64.Build.0 = Release|x64
		{64CE3CBE-A655-471D-8154-4E2160BAAA35}.Release|x64.Deploy.0 = Release|x64
		{64CE3CBE-A655-471D-8154-4E2160BAAA35}.Release|x86.ActiveCfg = Release|x86
		{64CE3CBE-A655-471D-8154-4E2160BAAA35}.Release|x86.Build.0 = Release|x86
		{64CE3CBE-A655-471D-8154-4E2160BAAA35}.Release|x86.Deploy.0 = Release|x86
		{CC76A1BB-9958-4950-935C-73D303C5A429}.Ad-Hoc|Any CPU.ActiveCfg = Debug|Any CPU
		{CC76A1BB-9958-4950-935C-73D303C5A429}.Ad-Hoc|Any CPU.Build.0 = Debug|Any CPU
		{CC76A1BB-9958-4950-935C-73D303C5A429}.Ad-Hoc|ARM.ActiveCfg = Debug|Any CPU
		{CC76A1BB-9958-4950-935C-73D303C5A429}.Ad-Hoc|ARM.Build.0 = Debug|Any CPU
		{CC76A1BB-9958-4950-935C-73D303C5A429}.Ad-Hoc|iPhone.ActiveCfg = Debug|Any CPU
		{CC76A1BB-9958-4950-935C-73D303C5A429}.Ad-Hoc|iPhone.Build.0 = Debug|Any CPU
		{CC76A1BB-9958-4950-935C-73D303C5A429}.Ad-Hoc|iPhoneSimulator.ActiveCfg = Debug|Any CPU
		{CC76A1BB-9958-4950-935C-73D303C5A429}.Ad-Hoc|iPhoneSimulator.Build.0 = Debug|Any CPU
		{CC76A1BB-9958-4950-935C-73D303C5A429}.Ad-Hoc|x64.ActiveCfg = Debug|Any CPU
		{CC76A1BB-9958-4950-935C-73D303C5A429}.Ad-Hoc|x64.Build.0 = Debug|Any CPU
		{CC76A1BB-9958-4950-935C-73D303C5A429}.Ad-Hoc|x86.ActiveCfg = Debug|Any CPU
		{CC76A1BB-9958-4950-935C-73D303C5A429}.Ad-Hoc|x86.Build.0 = Debug|Any CPU
		{CC76A1BB-9958-4950-935C-73D303C5A429}.AppStore|Any CPU.ActiveCfg = Debug|Any CPU
		{CC76A1BB-9958-4950-935C-73D303C5A429}.AppStore|Any CPU.Build.0 = Debug|Any CPU
		{CC76A1BB-9958-4950-935C-73D303C5A429}.AppStore|ARM.ActiveCfg = Debug|Any CPU
		{CC76A1BB-9958-4950-935C-73D303C5A429}.AppStore|ARM.Build.0 = Debug|Any CPU
		{CC76A1BB-9958-4950-935C-73D303C5A429}.AppStore|iPhone.ActiveCfg = Debug|Any CPU
		{CC76A1BB-9958-4950-935C-73D303C5A429}.AppStore|iPhone.Build.0 = Debug|Any CPU
		{CC76A1BB-9958-4950-935C-73D303C5A429}.AppStore|iPhoneSimulator.ActiveCfg = Debug|Any CPU
		{CC76A1BB-9958-4950-935C-73D303C5A429}.AppStore|iPhoneSimulator.Build.0 = Debug|Any CPU
		{CC76A1BB-9958-4950-935C-73D303C5A429}.AppStore|x64.ActiveCfg = Debug|Any CPU
		{CC76A1BB-9958-4950-935C-73D303C5A429}.AppStore|x64.Build.0 = Debug|Any CPU
		{CC76A1BB-9958-4950-935C-73D303C5A429}.AppStore|x86.ActiveCfg = Debug|Any CPU
		{CC76A1BB-9958-4950-935C-73D303C5A429}.AppStore|x86.Build.0 = Debug|Any CPU
		{CC76A1BB-9958-4950-935C-73D303C5A429}.Debug|Any CPU.ActiveCfg = Debug|Any CPU
		{CC76A1BB-9958-4950-935C-73D303C5A429}.Debug|Any CPU.Build.0 = Debug|Any CPU
		{CC76A1BB-9958-4950-935C-73D303C5A429}.Debug|ARM.ActiveCfg = Debug|Any CPU
		{CC76A1BB-9958-4950-935C-73D303C5A429}.Debug|ARM.Build.0 = Debug|Any CPU
		{CC76A1BB-9958-4950-935C-73D303C5A429}.Debug|iPhone.ActiveCfg = Debug|Any CPU
		{CC76A1BB-9958-4950-935C-73D303C5A429}.Debug|iPhone.Build.0 = Debug|Any CPU
		{CC76A1BB-9958-4950-935C-73D303C5A429}.Debug|iPhoneSimulator.ActiveCfg = Debug|Any CPU
		{CC76A1BB-9958-4950-935C-73D303C5A429}.Debug|iPhoneSimulator.Build.0 = Debug|Any CPU
		{CC76A1BB-9958-4950-935C-73D303C5A429}.Debug|x64.ActiveCfg = Debug|Any CPU
		{CC76A1BB-9958-4950-935C-73D303C5A429}.Debug|x64.Build.0 = Debug|Any CPU
		{CC76A1BB-9958-4950-935C-73D303C5A429}.Debug|x86.ActiveCfg = Debug|Any CPU
		{CC76A1BB-9958-4950-935C-73D303C5A429}.Debug|x86.Build.0 = Debug|Any CPU
		{CC76A1BB-9958-4950-935C-73D303C5A429}.Release|Any CPU.ActiveCfg = Release|Any CPU
		{CC76A1BB-9958-4950-935C-73D303C5A429}.Release|Any CPU.Build.0 = Release|Any CPU
		{CC76A1BB-9958-4950-935C-73D303C5A429}.Release|ARM.ActiveCfg = Release|Any CPU
		{CC76A1BB-9958-4950-935C-73D303C5A429}.Release|ARM.Build.0 = Release|Any CPU
		{CC76A1BB-9958-4950-935C-73D303C5A429}.Release|iPhone.ActiveCfg = Release|Any CPU
		{CC76A1BB-9958-4950-935C-73D303C5A429}.Release|iPhone.Build.0 = Release|Any CPU
		{CC76A1BB-9958-4950-935C-73D303C5A429}.Release|iPhoneSimulator.ActiveCfg = Release|Any CPU
		{CC76A1BB-9958-4950-935C-73D303C5A429}.Release|iPhoneSimulator.Build.0 = Release|Any CPU
		{CC76A1BB-9958-4950-935C-73D303C5A429}.Release|x64.ActiveCfg = Release|Any CPU
		{CC76A1BB-9958-4950-935C-73D303C5A429}.Release|x64.Build.0 = Release|Any CPU
		{CC76A1BB-9958-4950-935C-73D303C5A429}.Release|x86.ActiveCfg = Release|Any CPU
		{CC76A1BB-9958-4950-935C-73D303C5A429}.Release|x86.Build.0 = Release|Any CPU
	EndGlobalSection
	GlobalSection(SolutionProperties) = preSolution
		HideSolutionNode = FALSE
	EndGlobalSection
	GlobalSection(ExtensibilityGlobals) = postSolution
		SolutionGuid = {58B333B4-083F-441A-9EC6-C5718A96598B}
	EndGlobalSection
EndGlobal
